
Microsoft Visual Studio Solution File, Format Version 12.00
# Visual Studio Version 17
VisualStudioVersion = 17.5.33414.496
MinimumVisualStudioVersion = 10.0.40219.1
Project("{FAE04EC0-301F-11D3-BF4B-00C04F79EFBC}") = "PeopleApp", "PeopleApp.csproj", "{510257CB-8EEE-4B49-96CF-47350ABB8D09}"
EndProject
Global
	GlobalSection(SolutionConfigurationPlatforms) = preSolution
		Debug|Any CPU = Debug|Any CPU
		Release|Any CPU = Release|Any CPU
	EndGlobalSection
	GlobalSection(ProjectConfigurationPlatforms) = postSolution
		{510257CB-8EEE-4B49-96CF-47350ABB8D09}.Debug|Any CPU.ActiveCfg = Debug|Any CPU
		{510257CB-8EEE-4B49-96CF-47350ABB8D09}.Debug|Any CPU.Build.0 = Debug|Any CPU
		{510257CB-8EEE-4B49-96CF-47350ABB8D09}.Release|Any CPU.ActiveCfg = Release|Any CPU
		{510257CB-8EEE-4B49-96CF-47350ABB8D09}.Release|Any CPU.Build.0 = Release|Any CPU
	EndGlobalSection
	GlobalSection(SolutionProperties) = preSolution
		HideSolutionNode = FALSE
	EndGlobalSection
	GlobalSection(ExtensibilityGlobals) = postSolution
		SolutionGuid = {4E46D16B-1D02-4273-AA83-64775BDE41AE}
	EndGlobalSection
EndGlobal
